
Microsoft Visual Studio Solution File, Format Version 12.00
# Visual Studio Version 16
VisualStudioVersion = 25.0.1706.0
MinimumVisualStudioVersion = 10.0.40219.1
Project("{FAE04EC0-301F-11D3-BF4B-00C04F79EFBC}") = "JokesWebApp", "JokesWebApp\JokesWebApp.csproj", "{DED49277-9463-40BF-9C44-EF5DC4299C85}"
EndProject
Global
	GlobalSection(SolutionConfigurationPlatforms) = preSolution
		Debug|Any CPU = Debug|Any CPU
		Release|Any CPU = Release|Any CPU
	EndGlobalSection
	GlobalSection(ProjectConfigurationPlatforms) = postSolution
		{DED49277-9463-40BF-9C44-EF5DC4299C85}.Debug|Any CPU.ActiveCfg = Debug|Any CPU
		{DED49277-9463-40BF-9C44-EF5DC4299C85}.Debug|Any CPU.Build.0 = Debug|Any CPU
		{DED49277-9463-40BF-9C44-EF5DC4299C85}.Release|Any CPU.ActiveCfg = Release|Any CPU
		{DED49277-9463-40BF-9C44-EF5DC4299C85}.Release|Any CPU.Build.0 = Release|Any CPU
	EndGlobalSection
	GlobalSection(SolutionProperties) = preSolution
		HideSolutionNode = FALSE
	EndGlobalSection
	GlobalSection(ExtensibilityGlobals) = postSolution
		SolutionGuid = {4DA32BA0-B649-40DA-8374-87338BA9371B}
	EndGlobalSection
EndGlobal
